
Microsoft Visual Studio Solution File, Format Version 12.00
# Visual Studio 15
VisualStudioVersion = 15.0.28010.2050
MinimumVisualStudioVersion = 10.0.40219.1
Project("{FAE04EC0-301F-11D3-BF4B-00C04F79EFBC}") = "sbs-api-framework", "sbs-api-framework\sbs-api-framework.csproj", "{F900D53D-6B28-42C3-8A17-A4C4C74721C5}"
EndProject
Project("{FAE04EC0-301F-11D3-BF4B-00C04F79EFBC}") = "sbs-api.repository", "sbs-api.repository\sbs-api.repository.csproj", "{4FADC52C-5DB7-4DF9-BA7D-435C938179A6}"
EndProject
Project("{FAE04EC0-301F-11D3-BF4B-00C04F79EFBC}") = "sbs-api.models", "sbs-models\sbs-api.models.csproj", "{1D43215E-4ED9-4F5C-ABC8-2C679A2D4C88}"
EndProject
Global
	GlobalSection(SolutionConfigurationPlatforms) = preSolution
		Debug|Any CPU = Debug|Any CPU
		Release|Any CPU = Release|Any CPU
	EndGlobalSection
	GlobalSection(ProjectConfigurationPlatforms) = postSolution
		{F900D53D-6B28-42C3-8A17-A4C4C74721C5}.Debug|Any CPU.ActiveCfg = Debug|Any CPU
		{F900D53D-6B28-42C3-8A17-A4C4C74721C5}.Debug|Any CPU.Build.0 = Debug|Any CPU
		{F900D53D-6B28-42C3-8A17-A4C4C74721C5}.Release|Any CPU.ActiveCfg = Release|Any CPU
		{F900D53D-6B28-42C3-8A17-A4C4C74721C5}.Release|Any CPU.Build.0 = Release|Any CPU
		{4FADC52C-5DB7-4DF9-BA7D-435C938179A6}.Debug|Any CPU.ActiveCfg = Debug|Any CPU
		{4FADC52C-5DB7-4DF9-BA7D-435C938179A6}.Debug|Any CPU.Build.0 = Debug|Any CPU
		{4FADC52C-5DB7-4DF9-BA7D-435C938179A6}.Release|Any CPU.ActiveCfg = Release|Any CPU
		{4FADC52C-5DB7-4DF9-BA7D-435C938179A6}.Release|Any CPU.Build.0 = Release|Any CPU
		{1D43215E-4ED9-4F5C-ABC8-2C679A2D4C88}.Debug|Any CPU.ActiveCfg = Debug|Any CPU
		{1D43215E-4ED9-4F5C-ABC8-2C679A2D4C88}.Debug|Any CPU.Build.0 = Debug|Any CPU
		{1D43215E-4ED9-4F5C-ABC8-2C679A2D4C88}.Release|Any CPU.ActiveCfg = Release|Any CPU
		{1D43215E-4ED9-4F5C-ABC8-2C679A2D4C88}.Release|Any CPU.Build.0 = Release|Any CPU
	EndGlobalSection
	GlobalSection(SolutionProperties) = preSolution
		HideSolutionNode = FALSE
	EndGlobalSection
	GlobalSection(ExtensibilityGlobals) = postSolution
		SolutionGuid = {3FA2BB1C-5C95-491A-B6D9-CB3CE080B6DC}
	EndGlobalSection
EndGlobal
